
Microsoft Visual Studio Solution File, Format Version 12.00
# Visual Studio Version 17
VisualStudioVersion = 17.11.35222.181
MinimumVisualStudioVersion = 10.0.40219.1
Project("{FAE04EC0-301F-11D3-BF4B-00C04F79EFBC}") = "ExtractImagesFromResources", "ExtractImagesFromResources\ExtractImagesFromResources.csproj", "{DE8C6CE2-60E6-4320-AE9B-CD845059BC4F}"
EndProject
Global
	GlobalSection(SolutionConfigurationPlatforms) = preSolution
		Debug|Any CPU = Debug|Any CPU
		Release|Any CPU = Release|Any CPU
	EndGlobalSection
	GlobalSection(ProjectConfigurationPlatforms) = postSolution
		{DE8C6CE2-60E6-4320-AE9B-CD845059BC4F}.Debug|Any CPU.ActiveCfg = Debug|Any CPU
		{DE8C6CE2-60E6-4320-AE9B-CD845059BC4F}.Debug|Any CPU.Build.0 = Debug|Any CPU
		{DE8C6CE2-60E6-4320-AE9B-CD845059BC4F}.Release|Any CPU.ActiveCfg = Release|Any CPU
		{DE8C6CE2-60E6-4320-AE9B-CD845059BC4F}.Release|Any CPU.Build.0 = Release|Any CPU
	EndGlobalSection
	GlobalSection(SolutionProperties) = preSolution
		HideSolutionNode = FALSE
	EndGlobalSection
	GlobalSection(ExtensibilityGlobals) = postSolution
		SolutionGuid = {3052B2F5-CF39-40CC-84A8-E1B6D4C88D94}
	EndGlobalSection
EndGlobal
